// !$*UTF8*$!
{
	archiveVersion = 1;
	classes = {
	};
	objectVersion = 50;
	objects = {

/* Begin PBXBuildFile section */
		274F153A22F8B49500ADE2D1 /* AppDelegate.swift in Sources */ = {isa = PBXBuildFile; fileRef = 274F153922F8B49500ADE2D1 /* AppDelegate.swift */; };
		274F153C22F8B49500ADE2D1 /* SceneDelegate.swift in Sources */ = {isa = PBXBuildFile; fileRef = 274F153B22F8B49500ADE2D1 /* SceneDelegate.swift */; };
		274F153E22F8B49500ADE2D1 /* ContentView.swift in Sources */ = {isa = PBXBuildFile; fileRef = 274F153D22F8B49500ADE2D1 /* ContentView.swift */; };
		274F154022F8B49A00ADE2D1 /* Assets.xcassets in Resources */ = {isa = PBXBuildFile; fileRef = 274F153F22F8B49A00ADE2D1 /* Assets.xcassets */; };
		274F154322F8B49A00ADE2D1 /* Preview Assets.xcassets in Resources */ = {isa = PBXBuildFile; fileRef = 274F154222F8B49A00ADE2D1 /* Preview Assets.xcassets */; };
		274F154622F8B49A00ADE2D1 /* LaunchScreen.storyboard in Resources */ = {isa = PBXBuildFile; fileRef = 274F154422F8B49A00ADE2D1 /* LaunchScreen.storyboard */; };
		274F155122F8B49A00ADE2D1 /* StudyViewsTests.swift in Sources */ = {isa = PBXBuildFile; fileRef = 274F155022F8B49A00ADE2D1 /* StudyViewsTests.swift */; };
		274F155C22F8B49A00ADE2D1 /* StudyViewsUITests.swift in Sources */ = {isa = PBXBuildFile; fileRef = 274F155B22F8B49A00ADE2D1 /* StudyViewsUITests.swift */; };
/* End PBXBuildFile section */

/* Begin PBXContainerItemProxy section */
		274F154D22F8B49A00ADE2D1 /* PBXContainerItemProxy */ = {
			isa = PBXContainerItemProxy;
			containerPortal = 274F152E22F8B49500ADE2D1 /* Project object */;
			proxyType = 1;
			remoteGlobalIDString = 274F153522F8B49500ADE2D1;
			remoteInfo = StudyViews;
		};
		274F155822F8B49A00ADE2D1 /* PBXContainerItemProxy */ = {
			isa = PBXContainerItemProxy;
			containerPortal = 274F152E22F8B49500ADE2D1 /* Project object */;
			proxyType = 1;
			remoteGlobalIDString = 274F153522F8B49500ADE2D1;
			remoteInfo = StudyViews;
		};
/* End PBXContainerItemProxy section */

/* Begin PBXFileReference section */
		274F153622F8B49500ADE2D1 /* StudyViews.app */ = {isa = PBXFileReference; explicitFileType = wrapper.application; includeInIndex = 0; path = StudyViews.app; sourceTree = BUILT_PRODUCTS_DIR; };
		274F153922F8B49500ADE2D1 /* AppDelegate.swift */ = {isa = PBXFileReference; lastKnownFileType = sourcecode.swift; path = AppDelegate.swift; sourceTree = "<group>"; };
		274F153B22F8B49500ADE2D1 /* SceneDelegate.swift */ = {isa = PBXFileReference; lastKnownFileType = sourcecode.swift; path = SceneDelegate.swift; sourceTree = "<group>"; };
		274F153D22F8B49500ADE2D1 /* ContentView.swift */ = {isa = PBXFileReference; lastKnownFileType = sourcecode.swift; path = ContentView.swift; sourceTree = "<group>"; };
		274F153F22F8B49A00ADE2D1 /* Assets.xcassets */ = {isa = PBXFileReference; lastKnownFileType = folder.assetcatalog; path = Assets.xcassets; sourceTree = "<group>"; };
		274F154222F8B49A00ADE2D1 /* Preview Assets.xcassets */ = {isa = PBXFileReference; lastKnownFileType = folder.assetcatalog; path = "Preview Assets.xcassets"; sourceTree = "<group>"; };
		274F154522F8B49A00ADE2D1 /* Base */ = {isa = PBXFileReference; lastKnownFileType = file.storyboard; name = Base; path = Base.lproj/LaunchScreen.storyboard; sourceTree = "<group>"; };
		274F154722F8B49A00ADE2D1 /* Info.plist */ = {isa = PBXFileReference; lastKnownFileType = text.plist.xml; path = Info.plist; sourceTree = "<group>"; };
		274F154C22F8B49A00ADE2D1 /* StudyViewsTests.xctest */ = {isa = PBXFileReference; explicitFileType = wrapper.cfbundle; includeInIndex = 0; path = StudyViewsTests.xctest; sourceTree = BUILT_PRODUCTS_DIR; };
		274F155022F8B49A00ADE2D1 /* StudyViewsTests.swift */ = {isa = PBXFileReference; lastKnownFileType = sourcecode.swift; path = StudyViewsTests.swift; sourceTree = "<group>"; };
		274F155222F8B49A00ADE2D1 /* Info.plist */ = {isa = PBXFileReference; lastKnownFileType = text.plist.xml; path = Info.plist; sourceTree = "<group>"; };
		274F155722F8B49A00ADE2D1 /* StudyViewsUITests.xctest */ = {isa = PBXFileReference; explicitFileType = wrapper.cfbundle; includeInIndex = 0; path = StudyViewsUITests.xctest; sourceTree = BUILT_PRODUCTS_DIR; };
		274F155B22F8B49A00ADE2D1 /* StudyViewsUITests.swift */ = {isa = PBXFileReference; lastKnownFileType = sourcecode.swift; path = StudyViewsUITests.swift; sourceTree = "<group>"; };
		274F155D22F8B49A00ADE2D1 /* Info.plist */ = {isa = PBXFileReference; lastKnownFileType = text.plist.xml; path = Info.plist; sourceTree = "<group>"; };
/* End PBXFileReference section */

/* Begin PBXFrameworksBuildPhase section */
		274F153322F8B49500ADE2D1 /* Frameworks */ = {
			isa = PBXFrameworksBuildPhase;
			buildActionMask = 2147483647;
			files = (
			);
			runOnlyForDeploymentPostprocessing = 0;
		};
		274F154922F8B49A00ADE2D1 /* Frameworks */ = {
			isa = PBXFrameworksBuildPhase;
			buildActionMask = 2147483647;
			files = (
			);
			runOnlyForDeploymentPostprocessing = 0;
		};
		274F155422F8B49A00ADE2D1 /* Frameworks */ = {
			isa = PBXFrameworksBuildPhase;
			buildActionMask = 2147483647;
			files = (
			);
			runOnlyForDeploymentPostprocessing = 0;
		};
/* End PBXFrameworksBuildPhase section */

/* Begin PBXGroup section */
		274F152D22F8B49500ADE2D1 = {
			isa = PBXGroup;
			children = (
				274F153822F8B49500ADE2D1 /* StudyViews */,
				274F154F22F8B49A00ADE2D1 /* StudyViewsTests */,
				274F155A22F8B49A00ADE2D1 /* StudyViewsUITests */,
				274F153722F8B49500ADE2D1 /* Products */,
			);
			sourceTree = "<group>";
		};
		274F153722F8B49500ADE2D1 /* Products */ = {
			isa = PBXGroup;
			children = (
				274F153622F8B49500ADE2D1 /* StudyViews.app */,
				274F154C22F8B49A00ADE2D1 /* StudyViewsTests.xctest */,
				274F155722F8B49A00ADE2D1 /* StudyViewsUITests.xctest */,
			);
			name = Products;
			sourceTree = "<group>";
		};
		274F153822F8B49500ADE2D1 /* StudyViews */ = {
			isa = PBXGroup;
			children = (
				274F153922F8B49500ADE2D1 /* AppDelegate.swift */,
				274F153B22F8B49500ADE2D1 /* SceneDelegate.swift */,
				274F153D22F8B49500ADE2D1 /* ContentView.swift */,
				274F153F22F8B49A00ADE2D1 /* Assets.xcassets */,
				274F154422F8B49A00ADE2D1 /* LaunchScreen.storyboard */,
				274F154722F8B49A00ADE2D1 /* Info.plist */,
				274F154122F8B49A00ADE2D1 /* Preview Content */,
			);
			path = StudyViews;
			sourceTree = "<group>";
		};
		274F154122F8B49A00ADE2D1 /* Preview Content */ = {
			isa = PBXGroup;
			children = (
				274F154222F8B49A00ADE2D1 /* Preview Assets.xcassets */,
			);
			path = "Preview Content";
			sourceTree = "<group>";
		};
		274F154F22F8B49A00ADE2D1 /* StudyViewsTests */ = {
			isa = PBXGroup;
			children = (
				274F155022F8B49A00ADE2D1 /* StudyViewsTests.swift */,
				274F155222F8B49A00ADE2D1 /* Info.plist */,
			);
			path = StudyViewsTests;
			sourceTree = "<group>";
		};
		274F155A22F8B49A00ADE2D1 /* StudyViewsUITests */ = {
			isa = PBXGroup;
			children = (
				274F155B22F8B49A00ADE2D1 /* StudyViewsUITests.swift */,
				274F155D22F8B49A00ADE2D1 /* Info.plist */,
			);
			path = StudyViewsUITests;
			sourceTree = "<group>";
		};
/* End PBXGroup section */

/* Begin PBXNativeTarget section */
		274F153522F8B49500ADE2D1 /* StudyViews */ = {
			isa = PBXNativeTarget;
			buildConfigurationList = 274F156022F8B49A00ADE2D1 /* Build configuration list for PBXNativeTarget "StudyViews" */;
			buildPhases = (
				274F153222F8B49500ADE2D1 /* Sources */,
				274F153322F8B49500ADE2D1 /* Frameworks */,
				274F153422F8B49500ADE2D1 /* Resources */,
			);
			buildRules = (
			);
			dependencies = (
			);
			name = StudyViews;
			productName = StudyViews;
			productReference = 274F153622F8B49500ADE2D1 /* StudyViews.app */;
			productType = "com.apple.product-type.application";
		};
		274F154B22F8B49A00ADE2D1 /* StudyViewsTests */ = {
			isa = PBXNativeTarget;
			buildConfigurationList = 274F156322F8B49A00ADE2D1 /* Build configuration list for PBXNativeTarget "StudyViewsTests" */;
			buildPhases = (
				274F154822F8B49A00ADE2D1 /* Sources */,
				274F154922F8B49A00ADE2D1 /* Frameworks */,
				274F154A22F8B49A00ADE2D1 /* Resources */,
			);
			buildRules = (
			);
			dependencies = (
				274F154E22F8B49A00ADE2D1 /* PBXTargetDependency */,
			);
			name = StudyViewsTests;
			productName = StudyViewsTests;
			productReference = 274F154C22F8B49A00ADE2D1 /* StudyViewsTests.xctest */;
			productType = "com.apple.product-type.bundle.unit-test";
		};
		274F155622F8B49A00ADE2D1 /* StudyViewsUITests */ = {
			isa = PBXNativeTarget;
			buildConfigurationList = 274F156622F8B49A00ADE2D1 /* Build configuration list for PBXNativeTarget "StudyViewsUITests" */;
			buildPhases = (
				274F155322F8B49A00ADE2D1 /* Sources */,
				274F155422F8B49A00ADE2D1 /* Frameworks */,
				274F155522F8B49A00ADE2D1 /* Resources */,
			);
			buildRules = (
			);
			dependencies = (
				274F155922F8B49A00ADE2D1 /* PBXTargetDependency */,
			);
			name = StudyViewsUITests;
			productName = StudyViewsUITests;
			productReference = 274F155722F8B49A00ADE2D1 /* StudyViewsUITests.xctest */;
			productType = "com.apple.product-type.bundle.ui-testing";
		};
/* End PBXNativeTarget section */

/* Begin PBXProject section */
		274F152E22F8B49500ADE2D1 /* Project object */ = {
			isa = PBXProject;
			attributes = {
				LastSwiftUpdateCheck = 1100;
				LastUpgradeCheck = 1100;
				ORGANIZATIONNAME = "Kyle Ozaltug";
				TargetAttributes = {
					274F153522F8B49500ADE2D1 = {
						CreatedOnToolsVersion = 11.0;
					};
					274F154B22F8B49A00ADE2D1 = {
						CreatedOnToolsVersion = 11.0;
						TestTargetID = 274F153522F8B49500ADE2D1;
					};
					274F155622F8B49A00ADE2D1 = {
						CreatedOnToolsVersion = 11.0;
						TestTargetID = 274F153522F8B49500ADE2D1;
					};
				};
			};
			buildConfigurationList = 274F153122F8B49500ADE2D1 /* Build configuration list for PBXProject "StudyViews" */;
			compatibilityVersion = "Xcode 9.3";
			developmentRegion = en;
			hasScannedForEncodings = 0;
			knownRegions = (
				en,
				Base,
			);
			mainGroup = 274F152D22F8B49500ADE2D1;
			productRefGroup = 274F153722F8B49500ADE2D1 /* Products */;
			projectDirPath = "";
			projectRoot = "";
			targets = (
				274F153522F8B49500ADE2D1 /* StudyViews */,
				274F154B22F8B49A00ADE2D1 /* StudyViewsTests */,
				274F155622F8B49A00ADE2D1 /* StudyViewsUITests */,
			);
		};
/* End PBXProject section */

/* Begin PBXResourcesBuildPhase section */
		274F153422F8B49500ADE2D1 /* Resources */ = {
			isa = PBXResourcesBuildPhase;
			buildActionMask = 2147483647;
			files = (
				274F154622F8B49A00ADE2D1 /* LaunchScreen.storyboard in Resources */,
				274F154322F8B49A00ADE2D1 /* Preview Assets.xcassets in Resources */,
				274F154022F8B49A00ADE2D1 /* Assets.xcassets in Resources */,
			);
			runOnlyForDeploymentPostprocessing = 0;
		};
		274F154A22F8B49A00ADE2D1 /* Resources */ = {
			isa = PBXResourcesBuildPhase;
			buildActionMask = 2147483647;
			files = (
			);
			runOnlyForDeploymentPostprocessing = 0;
		};
		274F155522F8B49A00ADE2D1 /* Resources */ = {
			isa = PBXResourcesBuildPhase;
			buildActionMask = 2147483647;
			files = (
			);
			runOnlyForDeploymentPostprocessing = 0;
		};
/* End PBXResourcesBuildPhase section */

/* Begin PBXSourcesBuildPhase section */
		274F153222F8B49500ADE2D1 /* Sources */ = {
			isa = PBXSourcesBuildPhase;
			buildActionMask = 2147483647;
			files = (
				274F153A22F8B49500ADE2D1 /* AppDelegate.swift in Sources */,
				274F153C22F8B49500ADE2D1 /* SceneDelegate.swift in Sources */,
				274F153E22F8B49500ADE2D1 /* ContentView.swift in Sources */,
			);
			runOnlyForDeploymentPostprocessing = 0;
		};
		274F154822F8B49A00ADE2D1 /* Sources */ = {
			isa = PBXSourcesBuildPhase;
			buildActionMask = 2147483647;
			files = (
				274F155122F8B49A00ADE2D1 /* StudyViewsTests.swift in Sources */,
			);
			runOnlyForDeploymentPostprocessing = 0;
		};
		274F155322F8B49A00ADE2D1 /* Sources */ = {
			isa = PBXSourcesBuildPhase;
			buildActionMask = 2147483647;
			files = (
				274F155C22F8B49A00ADE2D1 /* StudyViewsUITests.swift in Sources */,
			);
			runOnlyForDeploymentPostprocessing = 0;
		};
/* End PBXSourcesBuildPhase section */

/* Begin PBXTargetDependency section */
		274F154E22F8B49A00ADE2D1 /* PBXTargetDependency */ = {
			isa = PBXTargetDependency;
			target = 274F153522F8B49500ADE2D1 /* StudyViews */;
			targetProxy = 274F154D22F8B49A00ADE2D1 /* PBXContainerItemProxy */;
		};
		274F155922F8B49A00ADE2D1 /* PBXTargetDependency */ = {
			isa = PBXTargetDependency;
			target = 274F153522F8B49500ADE2D1 /* StudyViews */;
			targetProxy = 274F155822F8B49A00ADE2D1 /* PBXContainerItemProxy */;
		};
/* End PBXTargetDependency section */

/* Begin PBXVariantGroup section */
		274F154422F8B49A00ADE2D1 /* LaunchScreen.storyboard */ = {
			isa = PBXVariantGroup;
			children = (
				274F154522F8B49A00ADE2D1 /* Base */,
			);
			name = LaunchScreen.storyboard;
			sourceTree = "<group>";
		};
/* End PBXVariantGroup section */

/* Begin XCBuildConfiguration section */
		274F155E22F8B49A00ADE2D1 /* Debug */ = {
			isa = XCBuildConfiguration;
			buildSettings = {
				ALWAYS_SEARCH_USER_PATHS = NO;
				CLANG_ANALYZER_NONNULL = YES;
				CLANG_ANALYZER_NUMBER_OBJECT_CONVERSION = YES_AGGRESSIVE;
				CLANG_CXX_LANGUAGE_STANDARD = "gnu++14";
				CLANG_CXX_LIBRARY = "libc++";
				CLANG_ENABLE_MODULES = YES;
				CLANG_ENABLE_OBJC_ARC = YES;
				CLANG_ENABLE_OBJC_WEAK = YES;
				CLANG_WARN_BLOCK_CAPTURE_AUTORELEASING = YES;
				CLANG_WARN_BOOL_CONVERSION = YES;
				CLANG_WARN_COMMA = YES;
				CLANG_WARN_CONSTANT_CONVERSION = YES;
				CLANG_WARN_DEPRECATED_OBJC_IMPLEMENTATIONS = YES;
				CLANG_WARN_DIRECT_OBJC_ISA_USAGE = YES_ERROR;
				CLANG_WARN_DOCUMENTATION_COMMENTS = YES;
				CLANG_WARN_EMPTY_BODY = YES;
				CLANG_WARN_ENUM_CONVERSION = YES;
				CLANG_WARN_INFINITE_RECURSION = YES;
				CLANG_WARN_INT_CONVERSION = YES;
				CLANG_WARN_NON_LITERAL_NULL_CONVERSION = YES;
				CLANG_WARN_OBJC_IMPLICIT_RETAIN_SELF = YES;
				CLANG_WARN_OBJC_LITERAL_CONVERSION = YES;
				CLANG_WARN_OBJC_ROOT_CLASS = YES_ERROR;
				CLANG_WARN_RANGE_LOOP_ANALYSIS = YES;
				CLANG_WARN_STRICT_PROTOTYPES = YES;
				CLANG_WARN_SUSPICIOUS_MOVE = YES;
				CLANG_WARN_UNGUARDED_AVAILABILITY = YES_AGGRESSIVE;
				CLANG_WARN_UNREACHABLE_CODE = YES;
				CLANG_WARN__DUPLICATE_METHOD_MATCH = YES;
				COPY_PHASE_STRIP = NO;
				DEBUG_INFORMATION_FORMAT = dwarf;
				ENABLE_STRICT_OBJC_MSGSEND = YES;
				ENABLE_TESTABILITY = YES;
				GCC_C_LANGUAGE_STANDARD = gnu11;
				GCC_DYNAMIC_NO_PIC = NO;
				GCC_NO_COMMON_BLOCKS = YES;
				GCC_OPTIMIZATION_LEVEL = 0;
				GCC_PREPROCESSOR_DEFINITIONS = (
					"DEBUG=1",
					"$(inherited)",
				);
				GCC_WARN_64_TO_32_BIT_CONVERSION = YES;
				GCC_WARN_ABOUT_RETURN_TYPE = YES_ERROR;
				GCC_WARN_UNDECLARED_SELECTOR = YES;
				GCC_WARN_UNINITIALIZED_AUTOS = YES_AGGRESSIVE;
				GCC_WARN_UNUSED_FUNCTION = YES;
				GCC_WARN_UNUSED_VARIABLE = YES;
				IPHONEOS_DEPLOYMENT_TARGET = 13.0;
				MTL_ENABLE_DEBUG_INFO = INCLUDE_SOURCE;
				MTL_FAST_MATH = YES;
				ONLY_ACTIVE_ARCH = YES;
				SDKROOT = iphoneos;
				SWIFT_ACTIVE_COMPILATION_CONDITIONS = DEBUG;
				SWIFT_OPTIMIZATION_LEVEL = "-Onone";
			};
			name = Debug;
		};
		274F155F22F8B49A00ADE2D1 /* Release */ = {
			isa = XCBuildConfiguration;
			buildSettings = {
				ALWAYS_SEARCH_USER_PATHS = NO;
				CLANG_ANALYZER_NONNULL = YES;
				CLANG_ANALYZER_NUMBER_OBJECT_CONVERSION = YES_AGGRESSIVE;
				CLANG_CXX_LANGUAGE_STANDARD = "gnu++14";
				CLANG_CXX_LIBRARY = "libc++";
				CLANG_ENABLE_MODULES = YES;
				CLANG_ENABLE_OBJC_ARC = YES;
				CLANG_ENABLE_OBJC_WEAK = YES;
				CLANG_WARN_BLOCK_CAPTURE_AUTORELEASING = YES;
				CLANG_WARN_BOOL_CONVERSION = YES;
				CLANG_WARN_COMMA = YES;
				CLANG_WARN_CONSTANT_CONVERSION = YES;
				CLANG_WARN_DEPRECATED_OBJC_IMPLEMENTATIONS = YES;
				CLANG_WARN_DIRECT_OBJC_ISA_USAGE = YES_ERROR;
				CLANG_WARN_DOCUMENTATION_COMMENTS = YES;
				CLANG_WARN_EMPTY_BODY = YES;
				CLANG_WARN_ENUM_CONVERSION = YES;
				CLANG_WARN_INFINITE_RECURSION = YES;
				CLANG_WARN_INT_CONVERSION = YES;
				CLANG_WARN_NON_LITERAL_NULL_CONVERSION = YES;
				CLANG_WARN_OBJC_IMPLICIT_RETAIN_SELF = YES;
				CLANG_WARN_OBJC_LITERAL_CONVERSION = YES;
				CLANG_WARN_OBJC_ROOT_CLASS = YES_ERROR;
				CLANG_WARN_RANGE_LOOP_ANALYSIS = YES;
				CLANG_WARN_STRICT_PROTOTYPES = YES;
				CLANG_WARN_SUSPICIOUS_MOVE = YES;
				CLANG_WARN_UNGUARDED_AVAILABILITY = YES_AGGRESSIVE;
				CLANG_WARN_UNREACHABLE_CODE = YES;
				CLANG_WARN__DUPLICATE_METHOD_MATCH = YES;
				COPY_PHASE_STRIP = NO;
				DEBUG_INFORMATION_FORMAT = "dwarf-with-dsym";
				ENABLE_NS_ASSERTIONS = NO;
				ENABLE_STRICT_OBJC_MSGSEND = YES;
				GCC_C_LANGUAGE_STANDARD = gnu11;
				GCC_NO_COMMON_BLOCKS = YES;
				GCC_WARN_64_TO_32_BIT_CONVERSION = YES;
				GCC_WARN_ABOUT_RETURN_TYPE = YES_ERROR;
				GCC_WARN_UNDECLARED_SELECTOR = YES;
				GCC_WARN_UNINITIALIZED_AUTOS = YES_AGGRESSIVE;
				GCC_WARN_UNUSED_FUNCTION = YES;
				GCC_WARN_UNUSED_VARIABLE = YES;
				IPHONEOS_DEPLOYMENT_TARGET = 13.0;
				MTL_ENABLE_DEBUG_INFO = NO;
				MTL_FAST_MATH = YES;
				SDKROOT = iphoneos;
				SWIFT_COMPILATION_MODE = wholemodule;
				SWIFT_OPTIMIZATION_LEVEL = "-O";
				VALIDATE_PRODUCT = YES;
			};
			name = Release;
		};
		274F156122F8B49A00ADE2D1 /* Debug */ = {
			isa = XCBuildConfiguration;
			buildSettings = {
				ASSETCATALOG_COMPILER_APPICON_NAME = AppIcon;
				CODE_SIGN_STYLE = Automatic;
				DEVELOPMENT_ASSET_PATHS = "StudyViews/Preview\\ Content";
				ENABLE_PREVIEWS = YES;
				INFOPLIST_FILE = StudyViews/Info.plist;
				LD_RUNPATH_SEARCH_PATHS = (
					"$(inherited)",
					"@executable_path/Frameworks",
				);
				PRODUCT_BUNDLE_IDENTIFIER = com.okoca.dev.StudyViews;
				PRODUCT_NAME = "$(TARGET_NAME)";
				SWIFT_VERSION = 5.0;
				TARGETED_DEVICE_FAMILY = "1,2";
			};
			name = Debug;
		};
		274F156222F8B49A00ADE2D1 /* Release */ = {
			isa = XCBuildConfiguration;
			buildSettings = {
				ASSETCATALOG_COMPILER_APPICON_NAME = AppIcon;
				CODE_SIGN_STYLE = Automatic;
				DEVELOPMENT_ASSET_PATHS = "StudyViews/Preview\\ Content";
				ENABLE_PREVIEWS = YES;
				INFOPLIST_FILE = StudyViews/Info.plist;
				LD_RUNPATH_SEARCH_PATHS = (
					"$(inherited)",
					"@executable_path/Frameworks",
				);
				PRODUCT_BUNDLE_IDENTIFIER = com.okoca.dev.StudyViews;
				PRODUCT_NAME = "$(TARGET_NAME)";
				SWIFT_VERSION = 5.0;
				TARGETED_DEVICE_FAMILY = "1,2";
			};
			name = Release;
		};
		274F156422F8B49A00ADE2D1 /* Debug */ = {
			isa = XCBuildConfiguration;
			buildSettings = {
				ALWAYS_EMBED_SWIFT_STANDARD_LIBRARIES = YES;
				BUNDLE_LOADER = "$(TEST_HOST)";
				CODE_SIGN_STYLE = Automatic;
				INFOPLIST_FILE = StudyViewsTests/Info.plist;
				LD_RUNPATH_SEARCH_PATHS = (
					"$(inherited)",
					"@executable_path/Frameworks",
					"@loader_path/Frameworks",
				);
				PRODUCT_BUNDLE_IDENTIFIER = com.okoca.dev.StudyViewsTests;
				PRODUCT_NAME = "$(TARGET_NAME)";
				SWIFT_VERSION = 5.0;
				TARGETED_DEVICE_FAMILY = "1,2";
				TEST_HOST = "$(BUILT_PRODUCTS_DIR)/StudyViews.app/StudyViews";
			};
			name = Debug;
		};
		274F156522F8B49A00ADE2D1 /* Release */ = {
			isa = XCBuildConfiguration;
			buildSettings = {
				ALWAYS_EMBED_SWIFT_STANDARD_LIBRARIES = YES;
				BUNDLE_LOADER = "$(TEST_HOST)";
				CODE_SIGN_STYLE = Automatic;
				INFOPLIST_FILE = StudyViewsTests/Info.plist;
				LD_RUNPATH_SEARCH_PATHS = (
					"$(inherited)",
					"@executable_path/Frameworks",
					"@loader_path/Frameworks",
				);
				PRODUCT_BUNDLE_IDENTIFIER = com.okoca.dev.StudyViewsTests;
				PRODUCT_NAME = "$(TARGET_NAME)";
				SWIFT_VERSION = 5.0;
				TARGETED_DEVICE_FAMILY = "1,2";
				TEST_HOST = "$(BUILT_PRODUCTS_DIR)/StudyViews.app/StudyViews";
			};
			name = Release;
		};
		274F156722F8B49A00ADE2D1 /* Debug */ = {
			isa = XCBuildConfiguration;
			buildSettings = {
				ALWAYS_EMBED_SWIFT_STANDARD_LIBRARIES = YES;
				CODE_SIGN_STYLE = Automatic;
				INFOPLIST_FILE = StudyViewsUITests/Info.plist;
				LD_RUNPATH_SEARCH_PATHS = (
					"$(inherited)",
					"@executable_path/Frameworks",
					"@loader_path/Frameworks",
				);
				PRODUCT_BUNDLE_IDENTIFIER = com.okoca.dev.StudyViewsUITests;
				PRODUCT_NAME = "$(TARGET_NAME)";
				SWIFT_VERSION = 5.0;
				TARGETED_DEVICE_FAMILY = "1,2";
				TEST_TARGET_NAME = StudyViews;
			};
			name = Debug;
		};
		274F156822F8B49A00ADE2D1 /* Release */ = {
			isa = XCBuildConfiguration;
			buildSettings = {
				ALWAYS_EMBED_SWIFT_STANDARD_LIBRARIES = YES;
				CODE_SIGN_STYLE = Automatic;
				INFOPLIST_FILE = StudyViewsUITests/Info.plist;
				LD_RUNPATH_SEARCH_PATHS = (
					"$(inherited)",
					"@executable_path/Frameworks",
					"@loader_path/Frameworks",
				);
				PRODUCT_BUNDLE_IDENTIFIER = com.okoca.dev.StudyViewsUITests;
				PRODUCT_NAME = "$(TARGET_NAME)";
				SWIFT_VERSION = 5.0;
				TARGETED_DEVICE_FAMILY = "1,2";
				TEST_TARGET_NAME = StudyViews;
			};
			name = Release;
		};
/* End XCBuildConfiguration section */

/* Begin XCConfigurationList section */
		274F153122F8B49500ADE2D1 /* Build configuration list for PBXProject "StudyViews" */ = {
			isa = XCConfigurationList;
			buildConfigurations = (
				274F155E22F8B49A00ADE2D1 /* Debug */,
				274F155F22F8B49A00ADE2D1 /* Release */,
			);
			defaultConfigurationIsVisible = 0;
			defaultConfigurationName = Release;
		};
		274F156022F8B49A00ADE2D1 /* Build configuration list for PBXNativeTarget "StudyViews" */ = {
			isa = XCConfigurationList;
			buildConfigurations = (
				274F156122F8B49A00ADE2D1 /* Debug */,
				274F156222F8B49A00ADE2D1 /* Release */,
			);
			defaultConfigurationIsVisible = 0;
			defaultConfigurationName = Release;
		};
		274F156322F8B49A00ADE2D1 /* Build configuration list for PBXNativeTarget "StudyViewsTests" */ = {
			isa = XCConfigurationList;
			buildConfigurations = (
				274F156422F8B49A00ADE2D1 /* Debug */,
				274F156522F8B49A00ADE2D1 /* Release */,
			);
			defaultConfigurationIsVisible = 0;
			defaultConfigurationName = Release;
		};
		274F156622F8B49A00ADE2D1 /* Build configuration list for PBXNativeTarget "StudyViewsUITests" */ = {
			isa = XCConfigurationList;
			buildConfigurations = (
				274F156722F8B49A00ADE2D1 /* Debug */,
				274F156822F8B49A00ADE2D1 /* Release */,
			);
			defaultConfigurationIsVisible = 0;
			defaultConfigurationName = Release;
		};
/* End XCConfigurationList section */
	};
	rootObject = 274F152E22F8B49500ADE2D1 /* Project object */;
}
